# This file is automatically @generated by Cargo.
# It is not intended for manual editing.
version = 4

[[package]]
name = "er7"
version = "0.1.1"
source = "registry+https://github.com/rust-lang/crates.io-index"
checksum = "e8b4e66862ad5116b35bcbaeea7f087a7a014170cc1c91224b1d0105ce54774c"

[[package]]
name = "er7-redact"
version = "0.1.1"
dependencies = [
 "er7",
]
